
Microsoft Visual Studio Solution File, Format Version 12.00
# Visual Studio 2013
VisualStudioVersion = 12.0.21005.1
MinimumVisualStudioVersion = 10.0.40219.1
Project("{FAE04EC0-301F-11D3-BF4B-00C04F79EFBC}") = "SqlSugarDemo", "SqlSugarDemo\SqlSugarDemo.csproj", "{51D44AEA-5C85-4E50-BBA5-29E869B7C796}"
EndProject
Project("{FAE04EC0-301F-11D3-BF4B-00C04F79EFBC}") = "SqlSugar.SPI", "SqlSugar.SPI\SqlSugar.SPI.csproj", "{4CF471A9-A161-4472-A630-B8A093EC4038}"
EndProject
Project("{FAE04EC0-301F-11D3-BF4B-00C04F79EFBC}") = "SqlSugar.BLL", "SqlSugar.BLL\SqlSugar.BLL.csproj", "{5982B9B2-5D79-40CF-9A7E-985116F4A51C}"
EndProject
Project("{FAE04EC0-301F-11D3-BF4B-00C04F79EFBC}") = "SqlSugar.Framework", "SqlSugar.Framework\SqlSugar.Framework.csproj", "{FCC10869-580D-4ADA-8C97-252032994BB8}"
EndProject
Project("{FAE04EC0-301F-11D3-BF4B-00C04F79EFBC}") = "SqlSugar.Model", "SqlSugar.Model\SqlSugar.Model.csproj", "{A6D07061-3DE6-4161-988C-611D2BEF0A80}"
EndProject
Global
	GlobalSection(SolutionConfigurationPlatforms) = preSolution
		Debug|Any CPU = Debug|Any CPU
		Release|Any CPU = Release|Any CPU
	EndGlobalSection
	GlobalSection(ProjectConfigurationPlatforms) = postSolution
		{51D44AEA-5C85-4E50-BBA5-29E869B7C796}.Debug|Any CPU.ActiveCfg = Debug|Any CPU
		{51D44AEA-5C85-4E50-BBA5-29E869B7C796}.Debug|Any CPU.Build.0 = Debug|Any CPU
		{51D44AEA-5C85-4E50-BBA5-29E869B7C796}.Release|Any CPU.ActiveCfg = Release|Any CPU
		{51D44AEA-5C85-4E50-BBA5-29E869B7C796}.Release|Any CPU.Build.0 = Release|Any CPU
		{4CF471A9-A161-4472-A630-B8A093EC4038}.Debug|Any CPU.ActiveCfg = Debug|Any CPU
		{4CF471A9-A161-4472-A630-B8A093EC4038}.Debug|Any CPU.Build.0 = Debug|Any CPU
		{4CF471A9-A161-4472-A630-B8A093EC4038}.Release|Any CPU.ActiveCfg = Release|Any CPU
		{4CF471A9-A161-4472-A630-B8A093EC4038}.Release|Any CPU.Build.0 = Release|Any CPU
		{5982B9B2-5D79-40CF-9A7E-985116F4A51C}.Debug|Any CPU.ActiveCfg = Debug|Any CPU
		{5982B9B2-5D79-40CF-9A7E-985116F4A51C}.Debug|Any CPU.Build.0 = Debug|Any CPU
		{5982B9B2-5D79-40CF-9A7E-985116F4A51C}.Release|Any CPU.ActiveCfg = Release|Any CPU
		{5982B9B2-5D79-40CF-9A7E-985116F4A51C}.Release|Any CPU.Build.0 = Release|Any CPU
		{FCC10869-580D-4ADA-8C97-252032994BB8}.Debug|Any CPU.ActiveCfg = Debug|Any CPU
		{FCC10869-580D-4ADA-8C97-252032994BB8}.Debug|Any CPU.Build.0 = Debug|Any CPU
		{FCC10869-580D-4ADA-8C97-252032994BB8}.Release|Any CPU.ActiveCfg = Release|Any CPU
		{FCC10869-580D-4ADA-8C97-252032994BB8}.Release|Any CPU.Build.0 = Release|Any CPU
		{A6D07061-3DE6-4161-988C-611D2BEF0A80}.Debug|Any CPU.ActiveCfg = Debug|Any CPU
		{A6D07061-3DE6-4161-988C-611D2BEF0A80}.Debug|Any CPU.Build.0 = Debug|Any CPU
		{A6D07061-3DE6-4161-988C-611D2BEF0A80}.Release|Any CPU.ActiveCfg = Release|Any CPU
		{A6D07061-3DE6-4161-988C-611D2BEF0A80}.Release|Any CPU.Build.0 = Release|Any CPU
	EndGlobalSection
	GlobalSection(SolutionProperties) = preSolution
		HideSolutionNode = FALSE
	EndGlobalSection
EndGlobal
